{
  "name": "wave-barrier",
  "version": "0.1.0",
  "lockfileVersion": 3,
  "requires": true,
  "packages": {
    "": {
      "name": "wave-barrier",
      "version": "0.1.0",
      "license": "MIT",
      "dependencies": {
        "agenda": "^6.2.3"
      },
      "devDependencies": {
        "@types/node": "^25.5.0",
        "typescript": "^6.0.2"
      }
    },
    "node_modules/@types/node": {
      "version": "25.5.0",
      "resolved": "https://registry.npmjs.org/@types/node/-/node-25.5.0.tgz",
      "integrity": "sha512-jp2P3tQMSxWugkCUKLRPVUpGaL5MVFwF8RDuSRztfwgN1wmqJeMSbKlnEtQqU8UrhTmzEmZdu2I6v2dpp7XIxw==",
      "dev": true,
      "license": "MIT",
      "dependencies": {
        "undici-types": "~7.18.0"
      }
    },
    "node_modules/agenda": {
      "version": "6.2.3",
      "resolved": "https://registry.npmjs.org/agenda/-/agenda-6.2.3.tgz",
      "integrity": "sha512-lYlt0IMMvNMw4Qziwg+rVmsV+/VBQ5cjv69Y232hG4vO15789LRSs6DXVjur11J+9bLhfRi05n0mLXK561WMfQ==",
      "license": "MIT",
      "dependencies": {
        "cron-parser": "^5.0.0",
        "date.js": "~0.3.3",
        "debug": "^4.4.0",
        "human-interval": "~2.0.1",
        "luxon": "^3.2.1"
      },
      "engines": {
        "node": ">=18.0.0"
      }
    },
    "node_modules/cron-parser": {
      "version": "5.5.0",
      "resolved": "https://registry.npmjs.org/cron-parser/-/cron-parser-5.5.0.tgz",
      "integrity": "sha512-oML4lKUXxizYswqmxuOCpgFS8BNUJpIu6k/2HVHyaL8Ynnf3wdf9tkns0yRdJLSIjkJ+b0DXHMZEHGpMwjnPww==",
      "license": "MIT",
      "dependencies": {
        "luxon": "^3.7.1"
      },
      "engines": {
        "node": ">=18"
      }
    },
    "node_modules/date.js": {
      "version": "0.3.3",
      "resolved": "https://registry.npmjs.org/date.js/-/date.js-0.3.3.tgz",
      "integrity": "sha512-HgigOS3h3k6HnW011nAb43c5xx5rBXk8P2v/WIT9Zv4koIaVXiH2BURguI78VVp+5Qc076T7OR378JViCnZtBw==",
      "license": "MIT",
      "dependencies": {
        "debug": "~3.1.0"
      }
    },
    "node_modules/date.js/node_modules/debug": {
      "version": "3.1.0",
      "resolved": "https://registry.npmjs.org/debug/-/debug-3.1.0.tgz",
      "integrity": "sha512-OX8XqP7/1a9cqkxYw2yXss15f26NKWBpDXQd0/uK/KPqdQhxbPa994hnzjcE2VqQpDslf55723cKPUOGSmMY3g==",
      "license": "MIT",
      "dependencies": {
        "ms": "2.0.0"
      }
    },
    "node_modules/date.js/node_modules/ms": {
      "version": "2.0.0",
      "resolved": "https://registry.npmjs.org/ms/-/ms-2.0.0.tgz",
      "integrity": "sha512-Tpp60P6IUJDTuOq/5Z8cdskzJujfwqfOTkrwIwj7IRISpnkJnT6SyJ4PCPnGMoFjC9ddhal5KVIYtAt97ix05A==",
      "license": "MIT"
    },
    "node_modules/debug": {
      "version": "4.4.3",
      "resolved": "https://registry.npmjs.org/debug/-/debug-4.4.3.tgz",
      "integrity": "sha512-RGwwWnwQvkVfavKVt22FGLw+xYSdzARwm0ru6DhTVA3umU5hZc28V3kO4stgYryrTlLpuvgI9GiijltAjNbcqA==",
      "license": "MIT",
      "dependencies": {
        "ms": "^2.1.3"
      },
      "engines": {
        "node": ">=6.0"
      },
      "peerDependenciesMeta": {
        "supports-color": {
          "optional": true
        }
      }
    },
    "node_modules/human-interval": {
      "version": "2.0.1",
      "resolved": "https://registry.npmjs.org/human-interval/-/human-interval-2.0.1.tgz",
      "integrity": "sha512-r4Aotzf+OtKIGQCB3odUowy4GfUDTy3aTWTfLd7ZF2gBCy3XW3v/dJLRefZnOFFnjqs5B1TypvS8WarpBkYUNQ==",
      "license": "MIT",
      "dependencies": {
        "numbered": "^1.1.0"
      }
    },
    "node_modules/luxon": {
      "version": "3.7.2",
      "resolved": "https://registry.npmjs.org/luxon/-/luxon-3.7.2.tgz",
      "integrity": "sha512-vtEhXh/gNjI9Yg1u4jX/0YVPMvxzHuGgCm6tC5kZyb08yjGWGnqAjGJvcXbqQR2P3MyMEFnRbpcdFS6PBcLqew==",
      "license": "MIT",
      "engines": {
        "node": ">=12"
      }
    },
    "node_modules/ms": {
      "version": "2.1.3",
      "resolved": "https://registry.npmjs.org/ms/-/ms-2.1.3.tgz",
      "integrity": "sha512-6FlzubTLZG3J2a/NVCAleEhjzq5oxgHyaCU9yYXvcLsvoVaHJq/s5xXI6/XXP6tz7R9xAOtHnSO/tXtF3WRTlA==",
      "license": "MIT"
    },
    "node_modules/numbered": {
      "version": "1.1.0",
      "resolved": "https://registry.npmjs.org/numbered/-/numbered-1.1.0.tgz",
      "integrity": "sha512-pv/ue2Odr7IfYOO0byC1KgBI10wo5YDauLhxY6/saNzAdAs0r1SotGCPzzCLNPL0xtrAwWRialLu23AAu9xO1g==",
      "license": "MIT"
    },
    "node_modules/typescript": {
      "version": "6.0.2",
      "resolved": "https://registry.npmjs.org/typescript/-/typescript-6.0.2.tgz",
      "integrity": "sha512-bGdAIrZ0wiGDo5l8c++HWtbaNCWTS4UTv7RaTH/ThVIgjkveJt83m74bBHMJkuCbslY8ixgLBVZJIOiQlQTjfQ==",
      "dev": true,
      "license": "Apache-2.0",
      "bin": {
        "tsc": "bin/tsc",
        "tsserver": "bin/tsserver"
      },
      "engines": {
        "node": ">=14.17"
      }
    },
    "node_modules/undici-types": {
      "version": "7.18.2",
      "resolved": "https://registry.npmjs.org/undici-types/-/undici-types-7.18.2.tgz",
      "integrity": "sha512-AsuCzffGHJybSaRrmr5eHr81mwJU3kjw6M+uprWvCXiNeN9SOGwQ3Jn8jb8m3Z6izVgknn1R0FTCEAP2QrLY/w==",
      "dev": true,
      "license": "MIT"
    }
  }
}
